
Microsoft Visual Studio Solution File, Format Version 12.00
# Visual Studio Version 16
VisualStudioVersion = 16.0.31005.135
MinimumVisualStudioVersion = 10.0.40219.1
Project("{FAE04EC0-301F-11D3-BF4B-00C04F79EFBC}") = "Hackaton-DAVH - AFPE", "Hackaton-DAVH - AFPE.csproj", "{52412E8A-D87E-4015-A779-2BC1EAF88B35}"
EndProject
Global
	GlobalSection(SolutionConfigurationPlatforms) = preSolution
		Debug|Any CPU = Debug|Any CPU
		Release|Any CPU = Release|Any CPU
	EndGlobalSection
	GlobalSection(ProjectConfigurationPlatforms) = postSolution
		{52412E8A-D87E-4015-A779-2BC1EAF88B35}.Debug|Any CPU.ActiveCfg = Debug|Any CPU
		{52412E8A-D87E-4015-A779-2BC1EAF88B35}.Debug|Any CPU.Build.0 = Debug|Any CPU
		{52412E8A-D87E-4015-A779-2BC1EAF88B35}.Release|Any CPU.ActiveCfg = Release|Any CPU
		{52412E8A-D87E-4015-A779-2BC1EAF88B35}.Release|Any CPU.Build.0 = Release|Any CPU
	EndGlobalSection
	GlobalSection(SolutionProperties) = preSolution
		HideSolutionNode = FALSE
	EndGlobalSection
	GlobalSection(ExtensibilityGlobals) = postSolution
		SolutionGuid = {69C82EA3-F056-4323-9139-F10FA8DDE7B5}
	EndGlobalSection
EndGlobal
